github.com/ncruces/go-sqlite3 v0.34.3 h1:DYN5fylZd9C28Rgmo6ie8vbv1SB9/Ddy0kVBTEzM9nk=
github.com/ncruces/go-sqlite3 v0.34.3/go.mod h1:+NodfP7QTkYGFUAlAcPVcStvlfVTiqMC3OLKTaYiQCM=
github.com/ncruces/go-sqlite3-wasm/v2 v2.5.35301 h1:txZKZ0qUSPe63pzv6x0afpE4xUaqRbErCLd9gXvll+A=
github.com/ncruces/go-sqlite3-wasm/v2 v2.5.35301/go.mod h1:PtJrZyZ+fUnI9yIcFxnUBFt2avGojqWeUkSrk10hh0I=
github.com/ncruces/julianday v1.0.0 h1:fH0OKwa7NWvniGQtxdJRxAgkBMolni2BjDHaWTxqt7M=
github.com/ncruces/julianday v1.0.0/go.mod h1:Dusn2KvZrrovOMJuOt0TNXL6tB7U2E8kvza5fFc9G7g=
golang.org/x/sys v0.45.0 h1:dO4czNzziLiiXplLQgBCEpCvXQ3dnkn0SdaZSYdQ+FY=
golang.org/x/sys v0.45.0/go.mod h1:4GL1E5IUh+htKOUEOaiffhrAeqysfVGipDYzABqnCmw=
golang.org/x/text v0.37.0 h1:Cqjiwd9eSg8e0QAkyCaQTNHFIIzWtidPahFWR83rTrc=
golang.org/x/text v0.37.0/go.mod h1:a5sjxXGs9hsn/AJVwuElvCAo9v8QYLzvavO5z2PiM38=
